
Microsoft Visual Studio Solution File, Format Version 12.00
# Visual Studio Version 17
VisualStudioVersion = 17.6.33829.357
MinimumVisualStudioVersion = 10.0.40219.1
Project("{FAE04EC0-301F-11D3-BF4B-00C04F79EFBC}") = "VowelsRemover", "VowelsRemover\VowelsRemover.csproj", "{85059C4A-EB70-4148-953A-D51D1DC9FC73}"
EndProject
Global
	GlobalSection(SolutionConfigurationPlatforms) = preSolution
		Debug|Any CPU = Debug|Any CPU
		Release|Any CPU = Release|Any CPU
	EndGlobalSection
	GlobalSection(ProjectConfigurationPlatforms) = postSolution
		{85059C4A-EB70-4148-953A-D51D1DC9FC73}.Debug|Any CPU.ActiveCfg = Debug|Any CPU
		{85059C4A-EB70-4148-953A-D51D1DC9FC73}.Debug|Any CPU.Build.0 = Debug|Any CPU
		{85059C4A-EB70-4148-953A-D51D1DC9FC73}.Release|Any CPU.ActiveCfg = Release|Any CPU
		{85059C4A-EB70-4148-953A-D51D1DC9FC73}.Release|Any CPU.Build.0 = Release|Any CPU
	EndGlobalSection
	GlobalSection(SolutionProperties) = preSolution
		HideSolutionNode = FALSE
	EndGlobalSection
	GlobalSection(ExtensibilityGlobals) = postSolution
		SolutionGuid = {8A925A71-50C9-4BB2-B39B-2E255A11B3B8}
	EndGlobalSection
EndGlobal
